
Microsoft Visual Studio Solution File, Format Version 12.00
# Visual Studio Version 17
VisualStudioVersion = 17.7.34018.315
MinimumVisualStudioVersion = 10.0.40219.1
Project("{FAE04EC0-301F-11D3-BF4B-00C04F79EFBC}") = "Rahpele", "Rahpele\Rahpele.csproj", "{A82CA8F5-9AD4-4C3A-BB4A-FB32D5D17ACC}"
EndProject
Global
	GlobalSection(SolutionConfigurationPlatforms) = preSolution
		Debug|Any CPU = Debug|Any CPU
		Release|Any CPU = Release|Any CPU
	EndGlobalSection
	GlobalSection(ProjectConfigurationPlatforms) = postSolution
		{A82CA8F5-9AD4-4C3A-BB4A-FB32D5D17ACC}.Debug|Any CPU.ActiveCfg = Debug|Any CPU
		{A82CA8F5-9AD4-4C3A-BB4A-FB32D5D17ACC}.Debug|Any CPU.Build.0 = Debug|Any CPU
		{A82CA8F5-9AD4-4C3A-BB4A-FB32D5D17ACC}.Release|Any CPU.ActiveCfg = Release|Any CPU
		{A82CA8F5-9AD4-4C3A-BB4A-FB32D5D17ACC}.Release|Any CPU.Build.0 = Release|Any CPU
	EndGlobalSection
	GlobalSection(SolutionProperties) = preSolution
		HideSolutionNode = FALSE
	EndGlobalSection
	GlobalSection(ExtensibilityGlobals) = postSolution
		SolutionGuid = {04A77ACF-DE26-45A2-B9D0-D071F7DFA76B}
	EndGlobalSection
EndGlobal
